
Microsoft Visual Studio Solution File, Format Version 12.00
# Visual Studio Version 17
VisualStudioVersion = 17.0.31903.59
MinimumVisualStudioVersion = 10.0.40219.1
Project("{FAE04EC0-301F-11D3-BF4B-00C04F79EFBC}") = "XtraWork.API", "XtraWork.API\XtraWork.API.csproj", "{BEE6C35A-6028-4464-9317-D359EB8C7368}"
EndProject
Project("{FAE04EC0-301F-11D3-BF4B-00C04F79EFBC}") = "XtraWork.UnitTests", "XtraWork.UnitTests\XtraWork.UnitTests.csproj", "{79A63570-0033-4316-925B-F5D812BECAFF}"
EndProject
Project("{FAE04EC0-301F-11D3-BF4B-00C04F79EFBC}") = "XtraWork.IntegrationTests", "XtraWork.IntegrationTests\XtraWork.IntegrationTests.csproj", "{ECA2B916-E7B8-4C2B-AEF0-E2F49CA0FC10}"
EndProject
Global
	GlobalSection(SolutionConfigurationPlatforms) = preSolution
		Debug|Any CPU = Debug|Any CPU
		Release|Any CPU = Release|Any CPU
	EndGlobalSection
	GlobalSection(SolutionProperties) = preSolution
		HideSolutionNode = FALSE
	EndGlobalSection
	GlobalSection(ProjectConfigurationPlatforms) = postSolution
		{BEE6C35A-6028-4464-9317-D359EB8C7368}.Debug|Any CPU.ActiveCfg = Debug|Any CPU
		{BEE6C35A-6028-4464-9317-D359EB8C7368}.Debug|Any CPU.Build.0 = Debug|Any CPU
		{BEE6C35A-6028-4464-9317-D359EB8C7368}.Release|Any CPU.ActiveCfg = Release|Any CPU
		{BEE6C35A-6028-4464-9317-D359EB8C7368}.Release|Any CPU.Build.0 = Release|Any CPU
		{79A63570-0033-4316-925B-F5D812BECAFF}.Debug|Any CPU.ActiveCfg = Debug|Any CPU
		{79A63570-0033-4316-925B-F5D812BECAFF}.Debug|Any CPU.Build.0 = Debug|Any CPU
		{79A63570-0033-4316-925B-F5D812BECAFF}.Release|Any CPU.ActiveCfg = Release|Any CPU
		{79A63570-0033-4316-925B-F5D812BECAFF}.Release|Any CPU.Build.0 = Release|Any CPU
		{ECA2B916-E7B8-4C2B-AEF0-E2F49CA0FC10}.Debug|Any CPU.ActiveCfg = Debug|Any CPU
		{ECA2B916-E7B8-4C2B-AEF0-E2F49CA0FC10}.Debug|Any CPU.Build.0 = Debug|Any CPU
		{ECA2B916-E7B8-4C2B-AEF0-E2F49CA0FC10}.Release|Any CPU.ActiveCfg = Release|Any CPU
		{ECA2B916-E7B8-4C2B-AEF0-E2F49CA0FC10}.Release|Any CPU.Build.0 = Release|Any CPU
	EndGlobalSection
EndGlobal
